# This file is automatically @generated by Cargo.
# It is not intended for manual editing.
version = 4

[[package]]
name = "extabs"
version = "1.0.3"
source = "registry+https://github.com/rust-lang/crates.io-index"
checksum = "f0f727e2e761b2c9a223eb07b3fb7967592d193340e60e87874ba36e3962d3ed"

[[package]]
name = "try-rust"
version = "0.1.0"
dependencies = [
 "extabs",
]
